
Microsoft Visual Studio Solution File, Format Version 12.00
# Visual Studio 14
VisualStudioVersion = 14.0.23107.0
MinimumVisualStudioVersion = 10.0.40219.1
Project("{FAE04EC0-301F-11D3-BF4B-00C04F79EFBC}") = "CodeCutterUK.AppVeyor.Example.Droid", "CodeCutterUK.AppVeyor.Example.Droid\CodeCutterUK.AppVeyor.Example.Droid.csproj", "{EBAED42D-EA2C-448F-89AF-7A188C31FA7E}"
EndProject
Project("{FAE04EC0-301F-11D3-BF4B-00C04F79EFBC}") = "CodeCutterUK.AppVeyor.Example.iOS", "CodeCutterUK.AppVeyor.Example.iOS\CodeCutterUK.AppVeyor.Example.iOS.csproj", "{BCB7B2C1-7B52-41D6-9A1F-070577D6E176}"
EndProject
Project("{FAE04EC0-301F-11D3-BF4B-00C04F79EFBC}") = "CodeCutterUK.AppVeyor.Example.Uwp", "CodeCutterUK.AppVeyor.Example.Uwp\CodeCutterUK.AppVeyor.Example.Uwp.csproj", "{365A3AD7-6536-4E48-A1C4-C9CF8BEBD9B6}"
EndProject
Global
	GlobalSection(SolutionConfigurationPlatforms) = preSolution
		Ad-Hoc|Any CPU = Ad-Hoc|Any CPU
		Ad-Hoc|ARM = Ad-Hoc|ARM
		Ad-Hoc|iPhone = Ad-Hoc|iPhone
		Ad-Hoc|iPhoneSimulator = Ad-Hoc|iPhoneSimulator
		Ad-Hoc|x64 = Ad-Hoc|x64
		Ad-Hoc|x86 = Ad-Hoc|x86
		AppStore|Any CPU = AppStore|Any CPU
		AppStore|ARM = AppStore|ARM
		AppStore|iPhone = AppStore|iPhone
		AppStore|iPhoneSimulator = AppStore|iPhoneSimulator
		AppStore|x64 = AppStore|x64
		AppStore|x86 = AppStore|x86
		Debug|Any CPU = Debug|Any CPU
		Debug|ARM = Debug|ARM
		Debug|iPhone = Debug|iPhone
		Debug|iPhoneSimulator = Debug|iPhoneSimulator
		Debug|x64 = Debug|x64
		Debug|x86 = Debug|x86
		Release|Any CPU = Release|Any CPU
		Release|ARM = Release|ARM
		Release|iPhone = Release|iPhone
		Release|iPhoneSimulator = Release|iPhoneSimulator
		Release|x64 = Release|x64
		Release|x86 = Release|x86
	EndGlobalSection
	GlobalSection(ProjectConfigurationPlatforms) = postSolution
		{EBAED42D-EA2C-448F-89AF-7A188C31FA7E}.Ad-Hoc|Any CPU.ActiveCfg = Release|Any CPU
		{EBAED42D-EA2C-448F-89AF-7A188C31FA7E}.Ad-Hoc|Any CPU.Build.0 = Release|Any CPU
		{EBAED42D-EA2C-448F-89AF-7A188C31FA7E}.Ad-Hoc|Any CPU.Deploy.0 = Release|Any CPU
		{EBAED42D-EA2C-448F-89AF-7A188C31FA7E}.Ad-Hoc|ARM.ActiveCfg = Release|Any CPU
		{EBAED42D-EA2C-448F-89AF-7A188C31FA7E}.Ad-Hoc|ARM.Build.0 = Release|Any CPU
		{EBAED42D-EA2C-448F-89AF-7A188C31FA7E}.Ad-Hoc|ARM.Deploy.0 = Release|Any CPU
		{EBAED42D-EA2C-448F-89AF-7A188C31FA7E}.Ad-Hoc|iPhone.ActiveCfg = Release|Any CPU
		{EBAED42D-EA2C-448F-89AF-7A188C31FA7E}.Ad-Hoc|iPhoneSimulator.ActiveCfg = Release|Any CPU
		{EBAED42D-EA2C-448F-89AF-7A188C31FA7E}.Ad-Hoc|x64.ActiveCfg = Release|Any CPU
		{EBAED42D-EA2C-448F-89AF-7A188C31FA7E}.Ad-Hoc|x86.ActiveCfg = Release|Any CPU
		{EBAED42D-EA2C-448F-89AF-7A188C31FA7E}.AppStore|Any CPU.ActiveCfg = Release|Any CPU
		{EBAED42D-EA2C-448F-89AF-7A188C31FA7E}.AppStore|Any CPU.Build.0 = Release|Any CPU
		{EBAED42D-EA2C-448F-89AF-7A188C31FA7E}.AppStore|Any CPU.Deploy.0 = Release|Any CPU
		{EBAED42D-EA2C-448F-89AF-7A188C31FA7E}.AppStore|ARM.ActiveCfg = Release|Any CPU
		{EBAED42D-EA2C-448F-89AF-7A188C31FA7E}.AppStore|ARM.Build.0 = Release|Any CPU
		{EBAED42D-EA2C-448F-89AF-7A188C31FA7E}.AppStore|ARM.Deploy.0 = Release|Any CPU
		{EBAED42D-EA2C-448F-89AF-7A188C31FA7E}.AppStore|iPhone.ActiveCfg = Release|Any CPU
		{EBAED42D-EA2C-448F-89AF-7A188C31FA7E}.AppStore|iPhoneSimulator.ActiveCfg = Release|Any CPU
		{EBAED42D-EA2C-448F-89AF-7A188C31FA7E}.AppStore|x64.ActiveCfg = Release|Any CPU
		{EBAED42D-EA2C-448F-89AF-7A188C31FA7E}.AppStore|x86.ActiveCfg = Release|Any CPU
		{EBAED42D-EA2C-448F-89AF-7A188C31FA7E}.Debug|Any CPU.ActiveCfg = Debug|Any CPU
		{EBAED42D-EA2C-448F-89AF-7A188C31FA7E}.Debug|Any CPU.Build.0 = Debug|Any CPU
		{EBAED42D-EA2C-448F-89AF-7A188C31FA7E}.Debug|Any CPU.Deploy.0 = Debug|Any CPU
		{EBAED42D-EA2C-448F-89AF-7A188C31FA7E}.Debug|ARM.ActiveCfg = Debug|Any CPU
		{EBAED42D-EA2C-448F-89AF-7A188C31FA7E}.Debug|ARM.Build.0 = Debug|Any CPU
		{EBAED42D-EA2C-448F-89AF-7A188C31FA7E}.Debug|ARM.Deploy.0 = Debug|Any CPU
		{EBAED42D-EA2C-448F-89AF-7A188C31FA7E}.Debug|iPhone.ActiveCfg = Debug|Any CPU
		{EBAED42D-EA2C-448F-89AF-7A188C31FA7E}.Debug|iPhoneSimulator.ActiveCfg = Debug|Any CPU
		{EBAED42D-EA2C-448F-89AF-7A188C31FA7E}.Debug|x64.ActiveCfg = Debug|Any CPU
		{EBAED42D-EA2C-448F-89AF-7A188C31FA7E}.Debug|x64.Build.0 = Debug|Any CPU
		{EBAED42D-EA2C-448F-89AF-7A188C31FA7E}.Debug|x64.Deploy.0 = Debug|Any CPU
		{EBAED42D-EA2C-448F-89AF-7A188C31FA7E}.Debug|x86.ActiveCfg = Debug|Any CPU
		{EBAED42D-EA2C-448F-89AF-7A188C31FA7E}.Release|Any CPU.ActiveCfg = Release|Any CPU
		{EBAED42D-EA2C-448F-89AF-7A188C31FA7E}.Release|Any CPU.Build.0 = Release|Any CPU
		{EBAED42D-EA2C-448F-89AF-7A188C31FA7E}.Release|Any CPU.Deploy.0 = Release|Any CPU
		{EBAED42D-EA2C-448F-89AF-7A188C31FA7E}.Release|ARM.ActiveCfg = Release|Any CPU
		{EBAED42D-EA2C-448F-89AF-7A188C31FA7E}.Release|ARM.Build.0 = Release|Any CPU
		{EBAED42D-EA2C-448F-89AF-7A188C31FA7E}.Release|ARM.Deploy.0 = Release|Any CPU
		{EBAED42D-EA2C-448F-89AF-7A188C31FA7E}.Release|iPhone.ActiveCfg = Release|Any CPU
		{EBAED42D-EA2C-448F-89AF-7A188C31FA7E}.Release|iPhoneSimulator.ActiveCfg = Release|Any CPU
		{EBAED42D-EA2C-448F-89AF-7A188C31FA7E}.Release|x64.ActiveCfg = Release|Any CPU
		{EBAED42D-EA2C-448F-89AF-7A188C31FA7E}.Release|x86.ActiveCfg = Release|Any CPU
		{BCB7B2C1-7B52-41D6-9A1F-070577D6E176}.Ad-Hoc|Any CPU.ActiveCfg = Ad-Hoc|iPhone
		{BCB7B2C1-7B52-41D6-9A1F-070577D6E176}.Ad-Hoc|ARM.ActiveCfg = Ad-Hoc|iPhone
		{BCB7B2C1-7B52-41D6-9A1F-070577D6E176}.Ad-Hoc|iPhone.ActiveCfg = Ad-Hoc|iPhone
		{BCB7B2C1-7B52-41D6-9A1F-070577D6E176}.Ad-Hoc|iPhone.Build.0 = Ad-Hoc|iPhone
		{BCB7B2C1-7B52-41D6-9A1F-070577D6E176}.Ad-Hoc|iPhoneSimulator.ActiveCfg = Ad-Hoc|iPhoneSimulator
		{BCB7B2C1-7B52-41D6-9A1F-070577D6E176}.Ad-Hoc|iPhoneSimulator.Build.0 = Ad-Hoc|iPhoneSimulator
		{BCB7B2C1-7B52-41D6-9A1F-070577D6E176}.Ad-Hoc|x64.ActiveCfg = Ad-Hoc|iPhone
		{BCB7B2C1-7B52-41D6-9A1F-070577D6E176}.Ad-Hoc|x86.ActiveCfg = Ad-Hoc|iPhone
		{BCB7B2C1-7B52-41D6-9A1F-070577D6E176}.AppStore|Any CPU.ActiveCfg = AppStore|iPhone
		{BCB7B2C1-7B52-41D6-9A1F-070577D6E176}.AppStore|ARM.ActiveCfg = AppStore|iPhone
		{BCB7B2C1-7B52-41D6-9A1F-070577D6E176}.AppStore|iPhone.ActiveCfg = AppStore|iPhone
		{BCB7B2C1-7B52-41D6-9A1F-070577D6E176}.AppStore|iPhone.Build.0 = AppStore|iPhone
		{BCB7B2C1-7B52-41D6-9A1F-070577D6E176}.AppStore|iPhoneSimulator.ActiveCfg = AppStore|iPhoneSimulator
		{BCB7B2C1-7B52-41D6-9A1F-070577D6E176}.AppStore|iPhoneSimulator.Build.0 = AppStore|iPhoneSimulator
		{BCB7B2C1-7B52-41D6-9A1F-070577D6E176}.AppStore|x64.ActiveCfg = AppStore|iPhone
		{BCB7B2C1-7B52-41D6-9A1F-070577D6E176}.AppStore|x86.ActiveCfg = AppStore|iPhone
		{BCB7B2C1-7B52-41D6-9A1F-070577D6E176}.Debug|Any CPU.ActiveCfg = Debug|iPhone
		{BCB7B2C1-7B52-41D6-9A1F-070577D6E176}.Debug|ARM.ActiveCfg = Debug|iPhone
		{BCB7B2C1-7B52-41D6-9A1F-070577D6E176}.Debug|iPhone.ActiveCfg = Debug|iPhone
		{BCB7B2C1-7B52-41D6-9A1F-070577D6E176}.Debug|iPhone.Build.0 = Debug|iPhone
		{BCB7B2C1-7B52-41D6-9A1F-070577D6E176}.Debug|iPhoneSimulator.ActiveCfg = Debug|iPhoneSimulator
		{BCB7B2C1-7B52-41D6-9A1F-070577D6E176}.Debug|iPhoneSimulator.Build.0 = Debug|iPhoneSimulator
		{BCB7B2C1-7B52-41D6-9A1F-070577D6E176}.Debug|x64.ActiveCfg = Debug|iPhone
		{BCB7B2C1-7B52-41D6-9A1F-070577D6E176}.Debug|x86.ActiveCfg = Debug|iPhone
		{BCB7B2C1-7B52-41D6-9A1F-070577D6E176}.Release|Any CPU.ActiveCfg = Release|iPhone
		{BCB7B2C1-7B52-41D6-9A1F-070577D6E176}.Release|ARM.ActiveCfg = Release|iPhone
		{BCB7B2C1-7B52-41D6-9A1F-070577D6E176}.Release|iPhone.ActiveCfg = Release|iPhone
		{BCB7B2C1-7B52-41D6-9A1F-070577D6E176}.Release|iPhone.Build.0 = Release|iPhone
		{BCB7B2C1-7B52-41D6-9A1F-070577D6E176}.Release|iPhoneSimulator.ActiveCfg = Release|iPhoneSimulator
		{BCB7B2C1-7B52-41D6-9A1F-070577D6E176}.Release|iPhoneSimulator.Build.0 = Release|iPhoneSimulator
		{BCB7B2C1-7B52-41D6-9A1F-070577D6E176}.Release|x64.ActiveCfg = Release|iPhone
		{BCB7B2C1-7B52-41D6-9A1F-070577D6E176}.Release|x86.ActiveCfg = Release|iPhone
		{365A3AD7-6536-4E48-A1C4-C9CF8BEBD9B6}.Ad-Hoc|Any CPU.ActiveCfg = Release|x86
		{365A3AD7-6536-4E48-A1C4-C9CF8BEBD9B6}.Ad-Hoc|Any CPU.Build.0 = Release|x86
		{365A3AD7-6536-4E48-A1C4-C9CF8BEBD9B6}.Ad-Hoc|Any CPU.Deploy.0 = Release|x86
		{365A3AD7-6536-4E48-A1C4-C9CF8BEBD9B6}.Ad-Hoc|ARM.ActiveCfg = Release|ARM
		{365A3AD7-6536-4E48-A1C4-C9CF8BEBD9B6}.Ad-Hoc|ARM.Build.0 = Release|ARM
		{365A3AD7-6536-4E48-A1C4-C9CF8BEBD9B6}.Ad-Hoc|ARM.Deploy.0 = Release|ARM
		{365A3AD7-6536-4E48-A1C4-C9CF8BEBD9B6}.Ad-Hoc|iPhone.ActiveCfg = Release|x86
		{365A3AD7-6536-4E48-A1C4-C9CF8BEBD9B6}.Ad-Hoc|iPhoneSimulator.ActiveCfg = Release|x86
		{365A3AD7-6536-4E48-A1C4-C9CF8BEBD9B6}.Ad-Hoc|x64.ActiveCfg = Release|x64
		{365A3AD7-6536-4E48-A1C4-C9CF8BEBD9B6}.Ad-Hoc|x86.ActiveCfg = Release|x86
		{365A3AD7-6536-4E48-A1C4-C9CF8BEBD9B6}.AppStore|Any CPU.ActiveCfg = Release|x86
		{365A3AD7-6536-4E48-A1C4-C9CF8BEBD9B6}.AppStore|Any CPU.Build.0 = Release|x86
		{365A3AD7-6536-4E48-A1C4-C9CF8BEBD9B6}.AppStore|Any CPU.Deploy.0 = Release|x86
		{365A3AD7-6536-4E48-A1C4-C9CF8BEBD9B6}.AppStore|ARM.ActiveCfg = Release|ARM
		{365A3AD7-6536-4E48-A1C4-C9CF8BEBD9B6}.AppStore|ARM.Build.0 = Release|ARM
		{365A3AD7-6536-4E48-A1C4-C9CF8BEBD9B6}.AppStore|ARM.Deploy.0 = Release|ARM
		{365A3AD7-6536-4E48-A1C4-C9CF8BEBD9B6}.AppStore|iPhone.ActiveCfg = Release|x86
		{365A3AD7-6536-4E48-A1C4-C9CF8BEBD9B6}.AppStore|iPhoneSimulator.ActiveCfg = Release|x86
		{365A3AD7-6536-4E48-A1C4-C9CF8BEBD9B6}.AppStore|x64.ActiveCfg = Release|x64
		{365A3AD7-6536-4E48-A1C4-C9CF8BEBD9B6}.AppStore|x86.ActiveCfg = Release|x86
		{365A3AD7-6536-4E48-A1C4-C9CF8BEBD9B6}.Debug|Any CPU.ActiveCfg = Debug|x86
		{365A3AD7-6536-4E48-A1C4-C9CF8BEBD9B6}.Debug|ARM.ActiveCfg = Debug|ARM
		{365A3AD7-6536-4E48-A1C4-C9CF8BEBD9B6}.Debug|ARM.Build.0 = Debug|ARM
		{365A3AD7-6536-4E48-A1C4-C9CF8BEBD9B6}.Debug|ARM.Deploy.0 = Debug|ARM
		{365A3AD7-6536-4E48-A1C4-C9CF8BEBD9B6}.Debug|iPhone.ActiveCfg = Debug|x86
		{365A3AD7-6536-4E48-A1C4-C9CF8BEBD9B6}.Debug|iPhoneSimulator.ActiveCfg = Debug|x86
		{365A3AD7-6536-4E48-A1C4-C9CF8BEBD9B6}.Debug|x64.ActiveCfg = Debug|x64
		{365A3AD7-6536-4E48-A1C4-C9CF8BEBD9B6}.Debug|x64.Build.0 = Debug|x64
		{365A3AD7-6536-4E48-A1C4-C9CF8BEBD9B6}.Debug|x64.Deploy.0 = Debug|x64
		{365A3AD7-6536-4E48-A1C4-C9CF8BEBD9B6}.Debug|x86.ActiveCfg = Debug|x86
		{365A3AD7-6536-4E48-A1C4-C9CF8BEBD9B6}.Debug|x86.Build.0 = Debug|x86
		{365A3AD7-6536-4E48-A1C4-C9CF8BEBD9B6}.Debug|x86.Deploy.0 = Debug|x86
		{365A3AD7-6536-4E48-A1C4-C9CF8BEBD9B6}.Release|Any CPU.ActiveCfg = Release|x86
		{365A3AD7-6536-4E48-A1C4-C9CF8BEBD9B6}.Release|ARM.ActiveCfg = Release|ARM
		{365A3AD7-6536-4E48-A1C4-C9CF8BEBD9B6}.Release|ARM.Build.0 = Release|ARM
		{365A3AD7-6536-4E48-A1C4-C9CF8BEBD9B6}.Release|ARM.Deploy.0 = Release|ARM
		{365A3AD7-6536-4E48-A1C4-C9CF8BEBD9B6}.Release|iPhone.ActiveCfg = Release|x86
		{365A3AD7-6536-4E48-A1C4-C9CF8BEBD9B6}.Release|iPhoneSimulator.ActiveCfg = Release|x86
		{365A3AD7-6536-4E48-A1C4-C9CF8BEBD9B6}.Release|x64.ActiveCfg = Release|x64
		{365A3AD7-6536-4E48-A1C4-C9CF8BEBD9B6}.Release|x64.Build.0 = Release|x64
		{365A3AD7-6536-4E48-A1C4-C9CF8BEBD9B6}.Release|x64.Deploy.0 = Release|x64
		{365A3AD7-6536-4E48-A1C4-C9CF8BEBD9B6}.Release|x86.ActiveCfg = Release|x86
		{365A3AD7-6536-4E48-A1C4-C9CF8BEBD9B6}.Release|x86.Build.0 = Release|x86
		{365A3AD7-6536-4E48-A1C4-C9CF8BEBD9B6}.Release|x86.Deploy.0 = Release|x86
	EndGlobalSection
	GlobalSection(SolutionProperties) = preSolution
		HideSolutionNode = FALSE
	EndGlobalSection
EndGlobal
